
Microsoft Visual Studio Solution File, Format Version 12.00
# Visual Studio Version 16
VisualStudioVersion = 16.0.30709.132
MinimumVisualStudioVersion = 10.0.40219.1
Project("{FAE04EC0-301F-11D3-BF4B-00C04F79EFBC}") = "FirstMicroService", "FirstMicroService\FirstMicroService.csproj", "{298CF735-92A8-4E97-B406-47BB7994FE45}"
EndProject
Project("{FAE04EC0-301F-11D3-BF4B-00C04F79EFBC}") = "SecondMicroService", "SecondMicroService\SecondMicroService.csproj", "{08FCA795-B829-4720-971A-C7DC2549B56F}"
EndProject
Project("{9A19103F-16F7-4668-BE54-9A1E7A4F7556}") = "IdentityService", "IdentityService\IdentityService.csproj", "{87D7196B-8E29-4D89-9A70-4179B7054991}"
EndProject
Global
	GlobalSection(SolutionConfigurationPlatforms) = preSolution
		Debug|Any CPU = Debug|Any CPU
		Release|Any CPU = Release|Any CPU
	EndGlobalSection
	GlobalSection(ProjectConfigurationPlatforms) = postSolution
		{298CF735-92A8-4E97-B406-47BB7994FE45}.Debug|Any CPU.ActiveCfg = Debug|Any CPU
		{298CF735-92A8-4E97-B406-47BB7994FE45}.Debug|Any CPU.Build.0 = Debug|Any CPU
		{298CF735-92A8-4E97-B406-47BB7994FE45}.Release|Any CPU.ActiveCfg = Release|Any CPU
		{298CF735-92A8-4E97-B406-47BB7994FE45}.Release|Any CPU.Build.0 = Release|Any CPU
		{08FCA795-B829-4720-971A-C7DC2549B56F}.Debug|Any CPU.ActiveCfg = Debug|Any CPU
		{08FCA795-B829-4720-971A-C7DC2549B56F}.Debug|Any CPU.Build.0 = Debug|Any CPU
		{08FCA795-B829-4720-971A-C7DC2549B56F}.Release|Any CPU.ActiveCfg = Release|Any CPU
		{08FCA795-B829-4720-971A-C7DC2549B56F}.Release|Any CPU.Build.0 = Release|Any CPU
		{87D7196B-8E29-4D89-9A70-4179B7054991}.Debug|Any CPU.ActiveCfg = Debug|Any CPU
		{87D7196B-8E29-4D89-9A70-4179B7054991}.Debug|Any CPU.Build.0 = Debug|Any CPU
		{87D7196B-8E29-4D89-9A70-4179B7054991}.Release|Any CPU.ActiveCfg = Release|Any CPU
		{87D7196B-8E29-4D89-9A70-4179B7054991}.Release|Any CPU.Build.0 = Release|Any CPU
	EndGlobalSection
	GlobalSection(SolutionProperties) = preSolution
		HideSolutionNode = FALSE
	EndGlobalSection
	GlobalSection(ExtensibilityGlobals) = postSolution
		SolutionGuid = {85A3AC71-34FF-42CD-B586-FA5841029014}
	EndGlobalSection
EndGlobal
